
Microsoft Visual Studio Solution File, Format Version 12.00
# Visual Studio Version 16
VisualStudioVersion = 16.0.31129.286
MinimumVisualStudioVersion = 10.0.40219.1
Project("{FAE04EC0-301F-11D3-BF4B-00C04F79EFBC}") = "UzduotisWebApi", "UzduotisWebApi\UzduotisWebApi.csproj", "{29E30F04-AD0A-4634-AB35-E04D028D2AD5}"
EndProject
Global
	GlobalSection(SolutionConfigurationPlatforms) = preSolution
		Debug|Any CPU = Debug|Any CPU
		Release|Any CPU = Release|Any CPU
	EndGlobalSection
	GlobalSection(ProjectConfigurationPlatforms) = postSolution
		{29E30F04-AD0A-4634-AB35-E04D028D2AD5}.Debug|Any CPU.ActiveCfg = Debug|Any CPU
		{29E30F04-AD0A-4634-AB35-E04D028D2AD5}.Debug|Any CPU.Build.0 = Debug|Any CPU
		{29E30F04-AD0A-4634-AB35-E04D028D2AD5}.Release|Any CPU.ActiveCfg = Release|Any CPU
		{29E30F04-AD0A-4634-AB35-E04D028D2AD5}.Release|Any CPU.Build.0 = Release|Any CPU
	EndGlobalSection
	GlobalSection(SolutionProperties) = preSolution
		HideSolutionNode = FALSE
	EndGlobalSection
	GlobalSection(ExtensibilityGlobals) = postSolution
		SolutionGuid = {750F272C-9053-4C2F-B8BF-3FA6206C3114}
	EndGlobalSection
EndGlobal
